
Microsoft Visual Studio Solution File, Format Version 12.00
# Visual Studio Version 17
VisualStudioVersion = 17.10.34607.79
MinimumVisualStudioVersion = 10.0.40219.1
Project("{9A19103F-16F7-4668-BE54-9A1E7A4F7556}") = "Tasks.Controller", "Tasks.Controller\Tasks.Controller.csproj", "{15B0CBFF-BE62-420C-878A-94FC6590A01D}"
	ProjectSection(ProjectDependencies) = postProject
		{8CDC6645-E546-40CB-94E2-071A5AA23F1C} = {8CDC6645-E546-40CB-94E2-071A5AA23F1C}
	EndProjectSection
EndProject
Project("{9A19103F-16F7-4668-BE54-9A1E7A4F7556}") = "Tasks.Tests", "Tasks.Tests\Tasks.Tests.csproj", "{7300E494-0DC7-4233-8732-93D685B0F485}"
EndProject
Project("{9A19103F-16F7-4668-BE54-9A1E7A4F7556}") = "Tasks.Data", "Tasks.Data\Tasks.Data.csproj", "{8CDC6645-E546-40CB-94E2-071A5AA23F1C}"
EndProject
Project("{9A19103F-16F7-4668-BE54-9A1E7A4F7556}") = "Tasks.Console", "Tasks.Console\Tasks.Console.csproj", "{0AA1A59B-508D-46A5-98E5-42A84EB4CB60}"
EndProject
Project("{9A19103F-16F7-4668-BE54-9A1E7A4F7556}") = "Tasks.OperationImp", "Tasks.OperationImp\Tasks.OperationImp.csproj", "{B2DDAB42-4966-489B-A74C-D7D790101D51}"
EndProject
Project("{9A19103F-16F7-4668-BE54-9A1E7A4F7556}") = "Tasks.ExecuteImp", "Tasks.ExecuteImp\Tasks.ExecuteImp.csproj", "{8B2A3E0D-8DED-45F4-8C0D-E5089CBD84EE}"
EndProject
Global
	GlobalSection(SolutionConfigurationPlatforms) = preSolution
		Debug|Any CPU = Debug|Any CPU
		Debug|Mixed Platforms = Debug|Mixed Platforms
		Debug|x86 = Debug|x86
		Release|Any CPU = Release|Any CPU
		Release|Mixed Platforms = Release|Mixed Platforms
		Release|x86 = Release|x86
	EndGlobalSection
	GlobalSection(ProjectConfigurationPlatforms) = postSolution
		{15B0CBFF-BE62-420C-878A-94FC6590A01D}.Debug|Any CPU.ActiveCfg = Debug|Any CPU
		{15B0CBFF-BE62-420C-878A-94FC6590A01D}.Debug|Any CPU.Build.0 = Debug|Any CPU
		{15B0CBFF-BE62-420C-878A-94FC6590A01D}.Debug|Mixed Platforms.ActiveCfg = Debug|Any CPU
		{15B0CBFF-BE62-420C-878A-94FC6590A01D}.Debug|Mixed Platforms.Build.0 = Debug|Any CPU
		{15B0CBFF-BE62-420C-878A-94FC6590A01D}.Debug|x86.ActiveCfg = Debug|Any CPU
		{15B0CBFF-BE62-420C-878A-94FC6590A01D}.Debug|x86.Build.0 = Debug|Any CPU
		{15B0CBFF-BE62-420C-878A-94FC6590A01D}.Release|Any CPU.ActiveCfg = Release|Any CPU
		{15B0CBFF-BE62-420C-878A-94FC6590A01D}.Release|Any CPU.Build.0 = Release|Any CPU
		{15B0CBFF-BE62-420C-878A-94FC6590A01D}.Release|Mixed Platforms.ActiveCfg = Release|Any CPU
		{15B0CBFF-BE62-420C-878A-94FC6590A01D}.Release|Mixed Platforms.Build.0 = Release|Any CPU
		{15B0CBFF-BE62-420C-878A-94FC6590A01D}.Release|x86.ActiveCfg = Release|Any CPU
		{15B0CBFF-BE62-420C-878A-94FC6590A01D}.Release|x86.Build.0 = Release|Any CPU
		{7300E494-0DC7-4233-8732-93D685B0F485}.Debug|Any CPU.ActiveCfg = Debug|Any CPU
		{7300E494-0DC7-4233-8732-93D685B0F485}.Debug|Any CPU.Build.0 = Debug|Any CPU
		{7300E494-0DC7-4233-8732-93D685B0F485}.Debug|Mixed Platforms.ActiveCfg = Debug|Any CPU
		{7300E494-0DC7-4233-8732-93D685B0F485}.Debug|Mixed Platforms.Build.0 = Debug|Any CPU
		{7300E494-0DC7-4233-8732-93D685B0F485}.Debug|x86.ActiveCfg = Debug|Any CPU
		{7300E494-0DC7-4233-8732-93D685B0F485}.Release|Any CPU.ActiveCfg = Release|Any CPU
		{7300E494-0DC7-4233-8732-93D685B0F485}.Release|Any CPU.Build.0 = Release|Any CPU
		{7300E494-0DC7-4233-8732-93D685B0F485}.Release|Mixed Platforms.ActiveCfg = Release|Any CPU
		{7300E494-0DC7-4233-8732-93D685B0F485}.Release|Mixed Platforms.Build.0 = Release|Any CPU
		{7300E494-0DC7-4233-8732-93D685B0F485}.Release|x86.ActiveCfg = Release|Any CPU
		{8CDC6645-E546-40CB-94E2-071A5AA23F1C}.Debug|Any CPU.ActiveCfg = Debug|Any CPU
		{8CDC6645-E546-40CB-94E2-071A5AA23F1C}.Debug|Any CPU.Build.0 = Debug|Any CPU
		{8CDC6645-E546-40CB-94E2-071A5AA23F1C}.Debug|Mixed Platforms.ActiveCfg = Debug|Any CPU
		{8CDC6645-E546-40CB-94E2-071A5AA23F1C}.Debug|Mixed Platforms.Build.0 = Debug|Any CPU
		{8CDC6645-E546-40CB-94E2-071A5AA23F1C}.Debug|x86.ActiveCfg = Debug|Any CPU
		{8CDC6645-E546-40CB-94E2-071A5AA23F1C}.Debug|x86.Build.0 = Debug|Any CPU
		{8CDC6645-E546-40CB-94E2-071A5AA23F1C}.Release|Any CPU.ActiveCfg = Release|Any CPU
		{8CDC6645-E546-40CB-94E2-071A5AA23F1C}.Release|Any CPU.Build.0 = Release|Any CPU
		{8CDC6645-E546-40CB-94E2-071A5AA23F1C}.Release|Mixed Platforms.ActiveCfg = Release|Any CPU
		{8CDC6645-E546-40CB-94E2-071A5AA23F1C}.Release|Mixed Platforms.Build.0 = Release|Any CPU
		{8CDC6645-E546-40CB-94E2-071A5AA23F1C}.Release|x86.ActiveCfg = Release|Any CPU
		{8CDC6645-E546-40CB-94E2-071A5AA23F1C}.Release|x86.Build.0 = Release|Any CPU
		{0AA1A59B-508D-46A5-98E5-42A84EB4CB60}.Debug|Any CPU.ActiveCfg = Debug|Any CPU
		{0AA1A59B-508D-46A5-98E5-42A84EB4CB60}.Debug|Any CPU.Build.0 = Debug|Any CPU
		{0AA1A59B-508D-46A5-98E5-42A84EB4CB60}.Debug|Mixed Platforms.ActiveCfg = Debug|Any CPU
		{0AA1A59B-508D-46A5-98E5-42A84EB4CB60}.Debug|Mixed Platforms.Build.0 = Debug|Any CPU
		{0AA1A59B-508D-46A5-98E5-42A84EB4CB60}.Debug|x86.ActiveCfg = Debug|Any CPU
		{0AA1A59B-508D-46A5-98E5-42A84EB4CB60}.Debug|x86.Build.0 = Debug|Any CPU
		{0AA1A59B-508D-46A5-98E5-42A84EB4CB60}.Release|Any CPU.ActiveCfg = Release|Any CPU
		{0AA1A59B-508D-46A5-98E5-42A84EB4CB60}.Release|Any CPU.Build.0 = Release|Any CPU
		{0AA1A59B-508D-46A5-98E5-42A84EB4CB60}.Release|Mixed Platforms.ActiveCfg = Release|Any CPU
		{0AA1A59B-508D-46A5-98E5-42A84EB4CB60}.Release|Mixed Platforms.Build.0 = Release|Any CPU
		{0AA1A59B-508D-46A5-98E5-42A84EB4CB60}.Release|x86.ActiveCfg = Release|Any CPU
		{0AA1A59B-508D-46A5-98E5-42A84EB4CB60}.Release|x86.Build.0 = Release|Any CPU
		{B2DDAB42-4966-489B-A74C-D7D790101D51}.Debug|Any CPU.ActiveCfg = Debug|Any CPU
		{B2DDAB42-4966-489B-A74C-D7D790101D51}.Debug|Any CPU.Build.0 = Debug|Any CPU
		{B2DDAB42-4966-489B-A74C-D7D790101D51}.Debug|Mixed Platforms.ActiveCfg = Debug|Any CPU
		{B2DDAB42-4966-489B-A74C-D7D790101D51}.Debug|Mixed Platforms.Build.0 = Debug|Any CPU
		{B2DDAB42-4966-489B-A74C-D7D790101D51}.Debug|x86.ActiveCfg = Debug|Any CPU
		{B2DDAB42-4966-489B-A74C-D7D790101D51}.Debug|x86.Build.0 = Debug|Any CPU
		{B2DDAB42-4966-489B-A74C-D7D790101D51}.Release|Any CPU.ActiveCfg = Release|Any CPU
		{B2DDAB42-4966-489B-A74C-D7D790101D51}.Release|Any CPU.Build.0 = Release|Any CPU
		{B2DDAB42-4966-489B-A74C-D7D790101D51}.Release|Mixed Platforms.ActiveCfg = Release|Any CPU
		{B2DDAB42-4966-489B-A74C-D7D790101D51}.Release|Mixed Platforms.Build.0 = Release|Any CPU
		{B2DDAB42-4966-489B-A74C-D7D790101D51}.Release|x86.ActiveCfg = Release|Any CPU
		{B2DDAB42-4966-489B-A74C-D7D790101D51}.Release|x86.Build.0 = Release|Any CPU
		{8B2A3E0D-8DED-45F4-8C0D-E5089CBD84EE}.Debug|Any CPU.ActiveCfg = Debug|Any CPU
		{8B2A3E0D-8DED-45F4-8C0D-E5089CBD84EE}.Debug|Any CPU.Build.0 = Debug|Any CPU
		{8B2A3E0D-8DED-45F4-8C0D-E5089CBD84EE}.Debug|Mixed Platforms.ActiveCfg = Debug|Any CPU
		{8B2A3E0D-8DED-45F4-8C0D-E5089CBD84EE}.Debug|Mixed Platforms.Build.0 = Debug|Any CPU
		{8B2A3E0D-8DED-45F4-8C0D-E5089CBD84EE}.Debug|x86.ActiveCfg = Debug|Any CPU
		{8B2A3E0D-8DED-45F4-8C0D-E5089CBD84EE}.Debug|x86.Build.0 = Debug|Any CPU
		{8B2A3E0D-8DED-45F4-8C0D-E5089CBD84EE}.Release|Any CPU.ActiveCfg = Release|Any CPU
		{8B2A3E0D-8DED-45F4-8C0D-E5089CBD84EE}.Release|Any CPU.Build.0 = Release|Any CPU
		{8B2A3E0D-8DED-45F4-8C0D-E5089CBD84EE}.Release|Mixed Platforms.ActiveCfg = Release|Any CPU
		{8B2A3E0D-8DED-45F4-8C0D-E5089CBD84EE}.Release|Mixed Platforms.Build.0 = Release|Any CPU
		{8B2A3E0D-8DED-45F4-8C0D-E5089CBD84EE}.Release|x86.ActiveCfg = Release|Any CPU
		{8B2A3E0D-8DED-45F4-8C0D-E5089CBD84EE}.Release|x86.Build.0 = Release|Any CPU
	EndGlobalSection
	GlobalSection(SolutionProperties) = preSolution
		HideSolutionNode = FALSE
	EndGlobalSection
	GlobalSection(ExtensibilityGlobals) = postSolution
		SolutionGuid = {E7DD7DB2-3EAD-49DB-9626-0074036608B6}
	EndGlobalSection
EndGlobal
